
Microsoft Visual Studio Solution File, Format Version 12.00
# Visual Studio Version 17
VisualStudioVersion = 17.13.35828.75 d17.13
MinimumVisualStudioVersion = 10.0.40219.1
Project("{FAE04EC0-301F-11D3-BF4B-00C04F79EFBC}") = "DiagnosticAssistant", "DiagnosticAssistant.csproj", "{32F5B826-2254-4503-8D74-8C8453BA7C89}"
EndProject
Global
	GlobalSection(SolutionConfigurationPlatforms) = preSolution
		Debug|Any CPU = Debug|Any CPU
		Release|Any CPU = Release|Any CPU
	EndGlobalSection
	GlobalSection(ProjectConfigurationPlatforms) = postSolution
		{32F5B826-2254-4503-8D74-8C8453BA7C89}.Debug|Any CPU.ActiveCfg = Debug|Any CPU
		{32F5B826-2254-4503-8D74-8C8453BA7C89}.Debug|Any CPU.Build.0 = Debug|Any CPU
		{32F5B826-2254-4503-8D74-8C8453BA7C89}.Release|Any CPU.ActiveCfg = Release|Any CPU
		{32F5B826-2254-4503-8D74-8C8453BA7C89}.Release|Any CPU.Build.0 = Release|Any CPU
	EndGlobalSection
	GlobalSection(SolutionProperties) = preSolution
		HideSolutionNode = FALSE
	EndGlobalSection
	GlobalSection(ExtensibilityGlobals) = postSolution
		SolutionGuid = {5848F5E7-692E-48B1-8B2C-0068C66F5253}
	EndGlobalSection
EndGlobal
